// !$*UTF8*$!
{
	archiveVersion = 1;
	classes = {
	};
	objectVersion = 77;
	objects = {

/* Begin PBXBuildFile section */
		1C4456DBD54DDF14ACE11C44 /* WatchTaskList.swift in Sources */ = {isa = PBXBuildFile; fileRef = 6C156323685CC44B680A865D /* WatchTaskList.swift */; };
		EE99FF0011223344556677BB /* View+ErrorAlert.swift in Sources */ = {isa = PBXBuildFile; fileRef = AAEE11FF22BB33CC44DD5500 /* View+ErrorAlert.swift */; };
		DD88EE99FF00112233445566 /* View+ErrorAlert.swift in Sources */ = {isa = PBXBuildFile; fileRef = AAEE11FF22BB33CC44DD5500 /* View+ErrorAlert.swift */; };
		1D9EA653B32C3F77A0079999 /* Task.swift in Sources */ = {isa = PBXBuildFile; fileRef = E3BB569E8D2910A7991D5C55 /* Task.swift */; };
		200ADC6B9FE6BE3302378781 /* TaskDetailViewModel.swift in Sources */ = {isa = PBXBuildFile; fileRef = 7C00013EDEAE09D6A94EB486 /* TaskDetailViewModel.swift */; };
		21C50205BD2087D003F8B635 /* CompleteTaskSheet.swift in Sources */ = {isa = PBXBuildFile; fileRef = 513EBEA9872A4F80D2B6EF4B /* CompleteTaskSheet.swift */; };
		2384A9B8200EFA66284BABC9 /* GoalDetailView.swift in Sources */ = {isa = PBXBuildFile; fileRef = 3D1D40C9C5FFCEAA565205AB /* GoalDetailView.swift */; };
		309202C4D767933F88AEE889 /* ContentView.swift in Sources */ = {isa = PBXBuildFile; fileRef = CB5DA73C418961FC7B25AE84 /* ContentView.swift */; };
		33ADFDA31376F8EFD488AB28 /* APIClient.swift in Sources */ = {isa = PBXBuildFile; fileRef = 6D2985EADFC1BB30478399B4 /* APIClient.swift */; };
		380AB7D93281F336693B4BF2 /* DashboardViewModel.swift in Sources */ = {isa = PBXBuildFile; fileRef = A6F1EEEE1BA1C4B36F979E86 /* DashboardViewModel.swift */; };
		45412D0517FB2B7484B661B5 /* Initiative.swift in Sources */ = {isa = PBXBuildFile; fileRef = 8BBA4E20A95DBE5434A0C0CC /* Initiative.swift */; };
		506A8382C5D86DDDC8162955 /* WatchGoalList.swift in Sources */ = {isa = PBXBuildFile; fileRef = 68D15688BDB112B347C8A876 /* WatchGoalList.swift */; };
		5330C852D09BB43E679EA616 /* MissionControlApp.swift in Sources */ = {isa = PBXBuildFile; fileRef = 8F3A0C88E4BC3F8B5E50F748 /* MissionControlApp.swift */; };
		61A1EA2BA86794D4E090AC3E /* TaskRow.swift in Sources */ = {isa = PBXBuildFile; fileRef = EB3DB45FB47CCD110EDFCF9F /* TaskRow.swift */; };
		7253034D7B1F2B29A52110A8 /* Initiative.swift in Sources */ = {isa = PBXBuildFile; fileRef = 8BBA4E20A95DBE5434A0C0CC /* Initiative.swift */; };
		75E87D15AD1F50552AEC20D4 /* InitiativeDetailView.swift in Sources */ = {isa = PBXBuildFile; fileRef = 2AD53C713E8989E976B0CA26 /* InitiativeDetailView.swift */; };
		AA11BB22CC33DD44EE55FF66 /* InitiativeEditSheet.swift in Sources */ = {isa = PBXBuildFile; fileRef = BB22CC33DD44EE55FF6677AA /* InitiativeEditSheet.swift */; };
		92197F371846FA756FCD29DC /* Goal.swift in Sources */ = {isa = PBXBuildFile; fileRef = 49D04724739E13A9765ACD16 /* Goal.swift */; };
		94D2B6C30961142C65799CA3 /* GoalDetailViewModel.swift in Sources */ = {isa = PBXBuildFile; fileRef = D77ABFCCEB5AFF2543E5C28C /* GoalDetailViewModel.swift */; };
		9C9729F8E9CE32EA8583B1DC /* Task.swift in Sources */ = {isa = PBXBuildFile; fileRef = E3BB569E8D2910A7991D5C55 /* Task.swift */; };
		9D9E3ADEDABD84BBBFABFFA9 /* SettingsView.swift in Sources */ = {isa = PBXBuildFile; fileRef = 3D0057D0081A53661B4D0EB4 /* SettingsView.swift */; };
		A2DF9AE4D54C68E1F8A29028 /* WatchTaskDetail.swift in Sources */ = {isa = PBXBuildFile; fileRef = 5DB0C4B089A88464E97507DF /* WatchTaskDetail.swift */; };
		A90E690AC7A5884639F6832F /* TaskDetailViewModel.swift in Sources */ = {isa = PBXBuildFile; fileRef = 7C00013EDEAE09D6A94EB486 /* TaskDetailViewModel.swift */; };
		AC4AAD7D0F6CFE1F74FA99CD /* MissionControlWatchApp.swift in Sources */ = {isa = PBXBuildFile; fileRef = C188665B80A8B294010B439D /* MissionControlWatchApp.swift */; };
		ADCC8DD7F2FE9743B2FD4704 /* DashboardView.swift in Sources */ = {isa = PBXBuildFile; fileRef = 96FF3A61AEA2F04D203FE009 /* DashboardView.swift */; };
		B3E2B416380FC3F599D60E76 /* GoalCard.swift in Sources */ = {isa = PBXBuildFile; fileRef = 6EA6286F2254560E3E235A2B /* GoalCard.swift */; };
		C21FF412AD952B2AF294CC22 /* APIClient.swift in Sources */ = {isa = PBXBuildFile; fileRef = 6D2985EADFC1BB30478399B4 /* APIClient.swift */; };
		C287CEC7D98C036C50D34C0F /* GoalEditSheet.swift in Sources */ = {isa = PBXBuildFile; fileRef = 626C5F933008054ADD6960DB /* GoalEditSheet.swift */; };
		C351B3DE8AF3E80759737351 /* Goal.swift in Sources */ = {isa = PBXBuildFile; fileRef = 49D04724739E13A9765ACD16 /* Goal.swift */; };
		C4053FCC27CB97800CEF0F39 /* GoalDetailViewModel.swift in Sources */ = {isa = PBXBuildFile; fileRef = D77ABFCCEB5AFF2543E5C28C /* GoalDetailViewModel.swift */; };
		C66626847DF32285C20C8F53 /* ServerHealth.swift in Sources */ = {isa = PBXBuildFile; fileRef = 517A1C942EC1FAB24F183895 /* ServerHealth.swift */; };
		CBE924C9BC4B4851B0B2F5D4 /* InitiativeDetailViewModel.swift in Sources */ = {isa = PBXBuildFile; fileRef = 3F6710A3AFC155620FCA56B4 /* InitiativeDetailViewModel.swift */; };
		D47CA65C5B932B39A6D10E97 /* TaskDetailView.swift in Sources */ = {isa = PBXBuildFile; fileRef = 2DE5796F5D1F8B6774F47AD7 /* TaskDetailView.swift */; };
		F1A2B3C4D5E6F7A8B9C0D1E2 /* TaskEditSheet.swift in Sources */ = {isa = PBXBuildFile; fileRef = F2A3B4C5D6E7F8A9B0C1D2E3 /* TaskEditSheet.swift */; };
		DD8FD59ED8E5EA663D95C3F9 /* DashboardViewModel.swift in Sources */ = {isa = PBXBuildFile; fileRef = A6F1EEEE1BA1C4B36F979E86 /* DashboardViewModel.swift */; };
		E616796500D447B8F2137B90 /* ServerHealth.swift in Sources */ = {isa = PBXBuildFile; fileRef = 517A1C942EC1FAB24F183895 /* ServerHealth.swift */; };
		ED4500121FAFDDAF3615BAD4 /* InitiativeDetailViewModel.swift in Sources */ = {isa = PBXBuildFile; fileRef = 3F6710A3AFC155620FCA56B4 /* InitiativeDetailViewModel.swift */; };
/* End PBXBuildFile section */

/* Begin PBXFileReference section */
		2AD53C713E8989E976B0CA26 /* InitiativeDetailView.swift */ = {isa = PBXFileReference; lastKnownFileType = sourcecode.swift; path = InitiativeDetailView.swift; sourceTree = "<group>"; };
		BB22CC33DD44EE55FF6677AA /* InitiativeEditSheet.swift */ = {isa = PBXFileReference; lastKnownFileType = sourcecode.swift; path = InitiativeEditSheet.swift; sourceTree = "<group>"; };
		2DE5796F5D1F8B6774F47AD7 /* TaskDetailView.swift */ = {isa = PBXFileReference; lastKnownFileType = sourcecode.swift; path = TaskDetailView.swift; sourceTree = "<group>"; };
		3D0057D0081A53661B4D0EB4 /* SettingsView.swift */ = {isa = PBXFileReference; lastKnownFileType = sourcecode.swift; path = SettingsView.swift; sourceTree = "<group>"; };
		3D1D40C9C5FFCEAA565205AB /* GoalDetailView.swift */ = {isa = PBXFileReference; lastKnownFileType = sourcecode.swift; path = GoalDetailView.swift; sourceTree = "<group>"; };
		3F6710A3AFC155620FCA56B4 /* InitiativeDetailViewModel.swift */ = {isa = PBXFileReference; lastKnownFileType = sourcecode.swift; path = InitiativeDetailViewModel.swift; sourceTree = "<group>"; };
		49D04724739E13A9765ACD16 /* Goal.swift */ = {isa = PBXFileReference; lastKnownFileType = sourcecode.swift; path = Goal.swift; sourceTree = "<group>"; };
		4BF55F93FA2531E7F621514C /* MissionControl.app */ = {isa = PBXFileReference; explicitFileType = wrapper.application; includeInIndex = 0; path = MissionControl.app; sourceTree = BUILT_PRODUCTS_DIR; };
		513EBEA9872A4F80D2B6EF4B /* CompleteTaskSheet.swift */ = {isa = PBXFileReference; lastKnownFileType = sourcecode.swift; path = CompleteTaskSheet.swift; sourceTree = "<group>"; };
		517A1C942EC1FAB24F183895 /* ServerHealth.swift */ = {isa = PBXFileReference; lastKnownFileType = sourcecode.swift; path = ServerHealth.swift; sourceTree = "<group>"; };
		5DB0C4B089A88464E97507DF /* WatchTaskDetail.swift */ = {isa = PBXFileReference; lastKnownFileType = sourcecode.swift; path = WatchTaskDetail.swift; sourceTree = "<group>"; };
		626C5F933008054ADD6960DB /* GoalEditSheet.swift */ = {isa = PBXFileReference; lastKnownFileType = sourcecode.swift; path = GoalEditSheet.swift; sourceTree = "<group>"; };
		68D15688BDB112B347C8A876 /* WatchGoalList.swift */ = {isa = PBXFileReference; lastKnownFileType = sourcecode.swift; path = WatchGoalList.swift; sourceTree = "<group>"; };
		6C156323685CC44B680A865D /* WatchTaskList.swift */ = {isa = PBXFileReference; lastKnownFileType = sourcecode.swift; path = WatchTaskList.swift; sourceTree = "<group>"; };
		6D2985EADFC1BB30478399B4 /* APIClient.swift */ = {isa = PBXFileReference; lastKnownFileType = sourcecode.swift; path = APIClient.swift; sourceTree = "<group>"; };
		6EA6286F2254560E3E235A2B /* GoalCard.swift */ = {isa = PBXFileReference; lastKnownFileType = sourcecode.swift; path = GoalCard.swift; sourceTree = "<group>"; };
		7C00013EDEAE09D6A94EB486 /* TaskDetailViewModel.swift */ = {isa = PBXFileReference; lastKnownFileType = sourcecode.swift; path = TaskDetailViewModel.swift; sourceTree = "<group>"; };
		8BBA4E20A95DBE5434A0C0CC /* Initiative.swift */ = {isa = PBXFileReference; lastKnownFileType = sourcecode.swift; path = Initiative.swift; sourceTree = "<group>"; };
		8F3A0C88E4BC3F8B5E50F748 /* MissionControlApp.swift */ = {isa = PBXFileReference; lastKnownFileType = sourcecode.swift; path = MissionControlApp.swift; sourceTree = "<group>"; };
		96FF3A61AEA2F04D203FE009 /* DashboardView.swift */ = {isa = PBXFileReference; lastKnownFileType = sourcecode.swift; path = DashboardView.swift; sourceTree = "<group>"; };
		A6F1EEEE1BA1C4B36F979E86 /* DashboardViewModel.swift */ = {isa = PBXFileReference; lastKnownFileType = sourcecode.swift; path = DashboardViewModel.swift; sourceTree = "<group>"; };
		B5B1D1DDFD73BEEC8D7CA352 /* MissionControlWatch Watch App.app */ = {isa = PBXFileReference; explicitFileType = wrapper.application; includeInIndex = 0; path = "MissionControlWatch Watch App.app"; sourceTree = BUILT_PRODUCTS_DIR; };
		C188665B80A8B294010B439D /* MissionControlWatchApp.swift */ = {isa = PBXFileReference; lastKnownFileType = sourcecode.swift; path = MissionControlWatchApp.swift; sourceTree = "<group>"; };
		CB5DA73C418961FC7B25AE84 /* ContentView.swift */ = {isa = PBXFileReference; lastKnownFileType = sourcecode.swift; path = ContentView.swift; sourceTree = "<group>"; };
		D77ABFCCEB5AFF2543E5C28C /* GoalDetailViewModel.swift */ = {isa = PBXFileReference; lastKnownFileType = sourcecode.swift; path = GoalDetailViewModel.swift; sourceTree = "<group>"; };
		E3BB569E8D2910A7991D5C55 /* Task.swift */ = {isa = PBXFileReference; lastKnownFileType = sourcecode.swift; path = Task.swift; sourceTree = "<group>"; };
		EB3DB45FB47CCD110EDFCF9F /* TaskRow.swift */ = {isa = PBXFileReference; lastKnownFileType = sourcecode.swift; path = TaskRow.swift; sourceTree = "<group>"; };
		F2A3B4C5D6E7F8A9B0C1D2E3 /* TaskEditSheet.swift */ = {isa = PBXFileReference; lastKnownFileType = sourcecode.swift; path = TaskEditSheet.swift; sourceTree = "<group>"; };
		AAEE11FF22BB33CC44DD5500 /* View+ErrorAlert.swift */ = {isa = PBXFileReference; lastKnownFileType = sourcecode.swift; path = "View+ErrorAlert.swift"; sourceTree = "<group>"; };
/* End PBXFileReference section */

/* Begin PBXGroup section */
		FF001122334455667788 /* Extensions */ = {
			isa = PBXGroup;
			children = (
				AAEE11FF22BB33CC44DD5500 /* View+ErrorAlert.swift */,
			);
			path = Extensions;
			sourceTree = "<group>";
		};
		2929C815A0EDC9904AAF2C37 /* ViewModels */ = {
			isa = PBXGroup;
			children = (
				A6F1EEEE1BA1C4B36F979E86 /* DashboardViewModel.swift */,
				D77ABFCCEB5AFF2543E5C28C /* GoalDetailViewModel.swift */,
				3F6710A3AFC155620FCA56B4 /* InitiativeDetailViewModel.swift */,
				7C00013EDEAE09D6A94EB486 /* TaskDetailViewModel.swift */,
			);
			path = ViewModels;
			sourceTree = "<group>";
		};
		2FDA77EC3BD4B1C480D69A94 /* Services */ = {
			isa = PBXGroup;
			children = (
				6D2985EADFC1BB30478399B4 /* APIClient.swift */,
			);
			path = Services;
			sourceTree = "<group>";
		};
		3B25E04B574036BA7A981D8A /* Products */ = {
			isa = PBXGroup;
			children = (
				4BF55F93FA2531E7F621514C /* MissionControl.app */,
				B5B1D1DDFD73BEEC8D7CA352 /* MissionControlWatch Watch App.app */,
			);
			name = Products;
			sourceTree = "<group>";
		};
		457E809680B0FAD90EB4B6DB /* Tasks */ = {
			isa = PBXGroup;
			children = (
				513EBEA9872A4F80D2B6EF4B /* CompleteTaskSheet.swift */,
				2DE5796F5D1F8B6774F47AD7 /* TaskDetailView.swift */,
				F2A3B4C5D6E7F8A9B0C1D2E3 /* TaskEditSheet.swift */,
				EB3DB45FB47CCD110EDFCF9F /* TaskRow.swift */,
			);
			path = Tasks;
			sourceTree = "<group>";
		};
		5426972C78C5CF5BFA457C82 /* Views */ = {
			isa = PBXGroup;
			children = (
				68D15688BDB112B347C8A876 /* WatchGoalList.swift */,
				5DB0C4B089A88464E97507DF /* WatchTaskDetail.swift */,
				6C156323685CC44B680A865D /* WatchTaskList.swift */,
			);
			path = Views;
			sourceTree = "<group>";
		};
		5AF3F4B7CD878A5138036EE7 /* Settings */ = {
			isa = PBXGroup;
			children = (
				3D0057D0081A53661B4D0EB4 /* SettingsView.swift */,
			);
			path = Settings;
			sourceTree = "<group>";
		};
		679A8DA0AC938BDEA21A997A /* MissionControl */ = {
			isa = PBXGroup;
			children = (
				CB5DA73C418961FC7B25AE84 /* ContentView.swift */,
				8F3A0C88E4BC3F8B5E50F748 /* MissionControlApp.swift */,
				B94BFA24FB5CC3298603B329 /* Views */,
			);
			path = MissionControl;
			sourceTree = "<group>";
		};
		8D19F0165CC4822263AC6569 /* Shared */ = {
			isa = PBXGroup;
			children = (
				DC909B04016532366BDF6F23 /* Models */,
				2FDA77EC3BD4B1C480D69A94 /* Services */,
				2929C815A0EDC9904AAF2C37 /* ViewModels */,
				FF001122334455667788 /* Extensions */,
			);
			path = Shared;
			sourceTree = "<group>";
		};
		964B24F1197AA0476E48C368 /* Initiatives */ = {
			isa = PBXGroup;
			children = (
				2AD53C713E8989E976B0CA26 /* InitiativeDetailView.swift */,
				BB22CC33DD44EE55FF6677AA /* InitiativeEditSheet.swift */,
			);
			path = Initiatives;
			sourceTree = "<group>";
		};
		B94BFA24FB5CC3298603B329 /* Views */ = {
			isa = PBXGroup;
			children = (
				BAA08C8C2C8F0B859A273A2B /* Dashboard */,
				CBC5AF0F3D9A3C4935288E74 /* Goals */,
				964B24F1197AA0476E48C368 /* Initiatives */,
				5AF3F4B7CD878A5138036EE7 /* Settings */,
				457E809680B0FAD90EB4B6DB /* Tasks */,
			);
			path = Views;
			sourceTree = "<group>";
		};
		BAA08C8C2C8F0B859A273A2B /* Dashboard */ = {
			isa = PBXGroup;
			children = (
				96FF3A61AEA2F04D203FE009 /* DashboardView.swift */,
				6EA6286F2254560E3E235A2B /* GoalCard.swift */,
			);
			path = Dashboard;
			sourceTree = "<group>";
		};
		CBC5AF0F3D9A3C4935288E74 /* Goals */ = {
			isa = PBXGroup;
			children = (
				3D1D40C9C5FFCEAA565205AB /* GoalDetailView.swift */,
				626C5F933008054ADD6960DB /* GoalEditSheet.swift */,
			);
			path = Goals;
			sourceTree = "<group>";
		};
		D6225A6F52A2317AEC5F4E35 = {
			isa = PBXGroup;
			children = (
				679A8DA0AC938BDEA21A997A /* MissionControl */,
				F5A80FA93F27DAD3C2F6384D /* MissionControlWatch */,
				8D19F0165CC4822263AC6569 /* Shared */,
				3B25E04B574036BA7A981D8A /* Products */,
			);
			sourceTree = "<group>";
			usesTabs = 1;
		};
		DC909B04016532366BDF6F23 /* Models */ = {
			isa = PBXGroup;
			children = (
				49D04724739E13A9765ACD16 /* Goal.swift */,
				8BBA4E20A95DBE5434A0C0CC /* Initiative.swift */,
				517A1C942EC1FAB24F183895 /* ServerHealth.swift */,
				E3BB569E8D2910A7991D5C55 /* Task.swift */,
			);
			path = Models;
			sourceTree = "<group>";
		};
		F5A80FA93F27DAD3C2F6384D /* MissionControlWatch */ = {
			isa = PBXGroup;
			children = (
				C188665B80A8B294010B439D /* MissionControlWatchApp.swift */,
				5426972C78C5CF5BFA457C82 /* Views */,
			);
			path = MissionControlWatch;
			sourceTree = "<group>";
		};
/* End PBXGroup section */

/* Begin PBXNativeTarget section */
		81E129A51BDC5064CE5423DA /* MissionControl */ = {
			isa = PBXNativeTarget;
			buildConfigurationList = B4F6813337605AD03FB1AF40 /* Build configuration list for PBXNativeTarget "MissionControl" */;
			buildPhases = (
				BD78A88B458121846C74AECF /* Sources */,
			);
			buildRules = (
			);
			dependencies = (
			);
			name = MissionControl;
			packageProductDependencies = (
			);
			productName = MissionControl;
			productReference = 4BF55F93FA2531E7F621514C /* MissionControl.app */;
			productType = "com.apple.product-type.application";
		};
		A86064FCA41763AFE10AE4BA /* MissionControlWatch Watch App */ = {
			isa = PBXNativeTarget;
			buildConfigurationList = A2D2E80B22FE78C6F3E1EC53 /* Build configuration list for PBXNativeTarget "MissionControlWatch Watch App" */;
			buildPhases = (
				C6A48986546F7F8455C2167E /* Sources */,
			);
			buildRules = (
			);
			dependencies = (
			);
			name = "MissionControlWatch Watch App";
			packageProductDependencies = (
			);
			productName = "MissionControlWatch Watch App";
			productReference = B5B1D1DDFD73BEEC8D7CA352 /* MissionControlWatch Watch App.app */;
			productType = "com.apple.product-type.application";
		};
/* End PBXNativeTarget section */

/* Begin PBXProject section */
		208D6E4BAFD27F4031F64A88 /* Project object */ = {
			isa = PBXProject;
			attributes = {
				BuildIndependentTargetsInParallel = YES;
				LastUpgradeCheck = 1430;
			};
			buildConfigurationList = E702C94A16BB968CFA62C192 /* Build configuration list for PBXProject "MissionControl" */;
			developmentRegion = en;
			hasScannedForEncodings = 0;
			knownRegions = (
				Base,
				en,
			);
			mainGroup = D6225A6F52A2317AEC5F4E35;
			minimizedProjectReferenceProxies = 1;
			preferredProjectObjectVersion = 77;
			productRefGroup = 3B25E04B574036BA7A981D8A /* Products */;
			projectDirPath = "";
			projectRoot = "";
			targets = (
				81E129A51BDC5064CE5423DA /* MissionControl */,
				A86064FCA41763AFE10AE4BA /* MissionControlWatch Watch App */,
			);
		};
/* End PBXProject section */

/* Begin PBXSourcesBuildPhase section */
		BD78A88B458121846C74AECF /* Sources */ = {
			isa = PBXSourcesBuildPhase;
			buildActionMask = 2147483647;
			files = (
				C21FF412AD952B2AF294CC22 /* APIClient.swift in Sources */,
				EE99FF0011223344556677BB /* View+ErrorAlert.swift in Sources */,
				21C50205BD2087D003F8B635 /* CompleteTaskSheet.swift in Sources */,
				309202C4D767933F88AEE889 /* ContentView.swift in Sources */,
				ADCC8DD7F2FE9743B2FD4704 /* DashboardView.swift in Sources */,
				380AB7D93281F336693B4BF2 /* DashboardViewModel.swift in Sources */,
				C351B3DE8AF3E80759737351 /* Goal.swift in Sources */,
				B3E2B416380FC3F599D60E76 /* GoalCard.swift in Sources */,
				2384A9B8200EFA66284BABC9 /* GoalDetailView.swift in Sources */,
				94D2B6C30961142C65799CA3 /* GoalDetailViewModel.swift in Sources */,
				C287CEC7D98C036C50D34C0F /* GoalEditSheet.swift in Sources */,
				45412D0517FB2B7484B661B5 /* Initiative.swift in Sources */,
				75E87D15AD1F50552AEC20D4 /* InitiativeDetailView.swift in Sources */,
				AA11BB22CC33DD44EE55FF66 /* InitiativeEditSheet.swift in Sources */,
				ED4500121FAFDDAF3615BAD4 /* InitiativeDetailViewModel.swift in Sources */,
				5330C852D09BB43E679EA616 /* MissionControlApp.swift in Sources */,
				C66626847DF32285C20C8F53 /* ServerHealth.swift in Sources */,
				9D9E3ADEDABD84BBBFABFFA9 /* SettingsView.swift in Sources */,
				9C9729F8E9CE32EA8583B1DC /* Task.swift in Sources */,
				D47CA65C5B932B39A6D10E97 /* TaskDetailView.swift in Sources */,
				200ADC6B9FE6BE3302378781 /* TaskDetailViewModel.swift in Sources */,
				F1A2B3C4D5E6F7A8B9C0D1E2 /* TaskEditSheet.swift in Sources */,
				61A1EA2BA86794D4E090AC3E /* TaskRow.swift in Sources */,
			);
			runOnlyForDeploymentPostprocessing = 0;
		};
		C6A48986546F7F8455C2167E /* Sources */ = {
			isa = PBXSourcesBuildPhase;
			buildActionMask = 2147483647;
			files = (
				33ADFDA31376F8EFD488AB28 /* APIClient.swift in Sources */,
				DD88EE99FF00112233445566 /* View+ErrorAlert.swift in Sources */,
				DD8FD59ED8E5EA663D95C3F9 /* DashboardViewModel.swift in Sources */,
				92197F371846FA756FCD29DC /* Goal.swift in Sources */,
				C4053FCC27CB97800CEF0F39 /* GoalDetailViewModel.swift in Sources */,
				7253034D7B1F2B29A52110A8 /* Initiative.swift in Sources */,
				CBE924C9BC4B4851B0B2F5D4 /* InitiativeDetailViewModel.swift in Sources */,
				AC4AAD7D0F6CFE1F74FA99CD /* MissionControlWatchApp.swift in Sources */,
				E616796500D447B8F2137B90 /* ServerHealth.swift in Sources */,
				1D9EA653B32C3F77A0079999 /* Task.swift in Sources */,
				A90E690AC7A5884639F6832F /* TaskDetailViewModel.swift in Sources */,
				506A8382C5D86DDDC8162955 /* WatchGoalList.swift in Sources */,
				A2DF9AE4D54C68E1F8A29028 /* WatchTaskDetail.swift in Sources */,
				1C4456DBD54DDF14ACE11C44 /* WatchTaskList.swift in Sources */,
			);
			runOnlyForDeploymentPostprocessing = 0;
		};
/* End PBXSourcesBuildPhase section */

/* Begin XCBuildConfiguration section */
		1B40039A80F41135ACB16C0E /* Debug */ = {
			isa = XCBuildConfiguration;
			buildSettings = {
				ASSETCATALOG_COMPILER_APPICON_NAME = AppIcon;
				ASSETCATALOG_COMPILER_GLOBAL_ACCENT_COLOR_NAME = AccentColor;
				CODE_SIGN_IDENTITY = "iPhone Developer";
				DEVELOPMENT_TEAM = 7R3SX9X3V2;
				INFOPLIST_FILE = MissionControl/Info.plist;
				IPHONEOS_DEPLOYMENT_TARGET = 17.0;
				LD_RUNPATH_SEARCH_PATHS = (
					"$(inherited)",
					"@executable_path/Frameworks",
				);
				PRODUCT_BUNDLE_IDENTIFIER = com.focacci.MissionControl;
				SDKROOT = iphoneos;
				TARGETED_DEVICE_FAMILY = "1,2";
			};
			name = Debug;
		};
		1B5C4A6A1B7CE9EBE1B91095 /* Release */ = {
			isa = XCBuildConfiguration;
			buildSettings = {
				ALWAYS_SEARCH_USER_PATHS = NO;
				CLANG_ANALYZER_NONNULL = YES;
				CLANG_ANALYZER_NUMBER_OBJECT_CONVERSION = YES_AGGRESSIVE;
				CLANG_CXX_LANGUAGE_STANDARD = "gnu++14";
				CLANG_CXX_LIBRARY = "libc++";
				CLANG_ENABLE_MODULES = YES;
				CLANG_ENABLE_OBJC_ARC = YES;
				CLANG_ENABLE_OBJC_WEAK = YES;
				CLANG_WARN_BLOCK_CAPTURE_AUTORELEASING = YES;
				CLANG_WARN_BOOL_CONVERSION = YES;
				CLANG_WARN_COMMA = YES;
				CLANG_WARN_CONSTANT_CONVERSION = YES;
				CLANG_WARN_DEPRECATED_OBJC_IMPLEMENTATIONS = YES;
				CLANG_WARN_DIRECT_OBJC_ISA_USAGE = YES_ERROR;
				CLANG_WARN_DOCUMENTATION_COMMENTS = YES;
				CLANG_WARN_EMPTY_BODY = YES;
				CLANG_WARN_ENUM_CONVERSION = YES;
				CLANG_WARN_INFINITE_RECURSION = YES;
				CLANG_WARN_INT_CONVERSION = YES;
				CLANG_WARN_NON_LITERAL_NULL_CONVERSION = YES;
				CLANG_WARN_OBJC_IMPLICIT_RETAIN_SELF = YES;
				CLANG_WARN_OBJC_LITERAL_CONVERSION = YES;
				CLANG_WARN_OBJC_ROOT_CLASS = YES_ERROR;
				CLANG_WARN_QUOTED_INCLUDE_IN_FRAMEWORK_HEADER = YES;
				CLANG_WARN_RANGE_LOOP_ANALYSIS = YES;
				CLANG_WARN_STRICT_PROTOTYPES = YES;
				CLANG_WARN_SUSPICIOUS_MOVE = YES;
				CLANG_WARN_UNGUARDED_AVAILABILITY = YES_AGGRESSIVE;
				CLANG_WARN_UNREACHABLE_CODE = YES;
				CLANG_WARN__DUPLICATE_METHOD_MATCH = YES;
				COPY_PHASE_STRIP = NO;
				DEBUG_INFORMATION_FORMAT = "dwarf-with-dsym";
				ENABLE_NS_ASSERTIONS = NO;
				ENABLE_PREVIEWS = YES;
				ENABLE_STRICT_OBJC_MSGSEND = YES;
				GCC_C_LANGUAGE_STANDARD = gnu11;
				GCC_NO_COMMON_BLOCKS = YES;
				GCC_WARN_64_TO_32_BIT_CONVERSION = YES;
				GCC_WARN_ABOUT_RETURN_TYPE = YES_ERROR;
				GCC_WARN_UNDECLARED_SELECTOR = YES;
				GCC_WARN_UNINITIALIZED_AUTOS = YES_AGGRESSIVE;
				GCC_WARN_UNUSED_FUNCTION = YES;
				GCC_WARN_UNUSED_VARIABLE = YES;
				IPHONEOS_DEPLOYMENT_TARGET = 17.0;
				MTL_ENABLE_DEBUG_INFO = NO;
				MTL_FAST_MATH = YES;
				PRODUCT_NAME = "$(TARGET_NAME)";
				SWIFT_COMPILATION_MODE = wholemodule;
				SWIFT_OPTIMIZATION_LEVEL = "-O";
				SWIFT_VERSION = 5.9;
				WATCHOS_DEPLOYMENT_TARGET = 10.0;
			};
			name = Release;
		};
		245B1274C4587CBE37564CDE /* Release */ = {
			isa = XCBuildConfiguration;
			buildSettings = {
				ASSETCATALOG_COMPILER_APPICON_NAME = AppIcon;
				ASSETCATALOG_COMPILER_GLOBAL_ACCENT_COLOR_NAME = AccentColor;
				INFOPLIST_FILE = MissionControlWatch/Info.plist;
				PRODUCT_BUNDLE_IDENTIFIER = com.focacci.MissionControl.watchkitapp;
				SDKROOT = watchos;
				SKIP_INSTALL = YES;
				TARGETED_DEVICE_FAMILY = 4;
				WATCHOS_DEPLOYMENT_TARGET = 10.0;
			};
			name = Release;
		};
		A0C9CBDC3F5D2E021AA2C810 /* Debug */ = {
			isa = XCBuildConfiguration;
			buildSettings = {
				ALWAYS_SEARCH_USER_PATHS = NO;
				CLANG_ANALYZER_NONNULL = YES;
				CLANG_ANALYZER_NUMBER_OBJECT_CONVERSION = YES_AGGRESSIVE;
				CLANG_CXX_LANGUAGE_STANDARD = "gnu++14";
				CLANG_CXX_LIBRARY = "libc++";
				CLANG_ENABLE_MODULES = YES;
				CLANG_ENABLE_OBJC_ARC = YES;
				CLANG_ENABLE_OBJC_WEAK = YES;
				CLANG_WARN_BLOCK_CAPTURE_AUTORELEASING = YES;
				CLANG_WARN_BOOL_CONVERSION = YES;
				CLANG_WARN_COMMA = YES;
				CLANG_WARN_CONSTANT_CONVERSION = YES;
				CLANG_WARN_DEPRECATED_OBJC_IMPLEMENTATIONS = YES;
				CLANG_WARN_DIRECT_OBJC_ISA_USAGE = YES_ERROR;
				CLANG_WARN_DOCUMENTATION_COMMENTS = YES;
				CLANG_WARN_EMPTY_BODY = YES;
				CLANG_WARN_ENUM_CONVERSION = YES;
				CLANG_WARN_INFINITE_RECURSION = YES;
				CLANG_WARN_INT_CONVERSION = YES;
				CLANG_WARN_NON_LITERAL_NULL_CONVERSION = YES;
				CLANG_WARN_OBJC_IMPLICIT_RETAIN_SELF = YES;
				CLANG_WARN_OBJC_LITERAL_CONVERSION = YES;
				CLANG_WARN_OBJC_ROOT_CLASS = YES_ERROR;
				CLANG_WARN_QUOTED_INCLUDE_IN_FRAMEWORK_HEADER = YES;
				CLANG_WARN_RANGE_LOOP_ANALYSIS = YES;
				CLANG_WARN_STRICT_PROTOTYPES = YES;
				CLANG_WARN_SUSPICIOUS_MOVE = YES;
				CLANG_WARN_UNGUARDED_AVAILABILITY = YES_AGGRESSIVE;
				CLANG_WARN_UNREACHABLE_CODE = YES;
				CLANG_WARN__DUPLICATE_METHOD_MATCH = YES;
				COPY_PHASE_STRIP = NO;
				DEBUG_INFORMATION_FORMAT = dwarf;
				ENABLE_PREVIEWS = YES;
				ENABLE_STRICT_OBJC_MSGSEND = YES;
				ENABLE_TESTABILITY = YES;
				GCC_C_LANGUAGE_STANDARD = gnu11;
				GCC_DYNAMIC_NO_PIC = NO;
				GCC_NO_COMMON_BLOCKS = YES;
				GCC_OPTIMIZATION_LEVEL = 0;
				GCC_PREPROCESSOR_DEFINITIONS = (
					"$(inherited)",
					"DEBUG=1",
				);
				GCC_WARN_64_TO_32_BIT_CONVERSION = YES;
				GCC_WARN_ABOUT_RETURN_TYPE = YES_ERROR;
				GCC_WARN_UNDECLARED_SELECTOR = YES;
				GCC_WARN_UNINITIALIZED_AUTOS = YES_AGGRESSIVE;
				GCC_WARN_UNUSED_FUNCTION = YES;
				GCC_WARN_UNUSED_VARIABLE = YES;
				IPHONEOS_DEPLOYMENT_TARGET = 17.0;
				MTL_ENABLE_DEBUG_INFO = INCLUDE_SOURCE;
				MTL_FAST_MATH = YES;
				ONLY_ACTIVE_ARCH = YES;
				PRODUCT_NAME = "$(TARGET_NAME)";
				SWIFT_ACTIVE_COMPILATION_CONDITIONS = DEBUG;
				SWIFT_OPTIMIZATION_LEVEL = "-Onone";
				SWIFT_VERSION = 5.9;
				WATCHOS_DEPLOYMENT_TARGET = 10.0;
			};
			name = Debug;
		};
		BCCC8E1B19FF5D09D1D8355A /* Debug */ = {
			isa = XCBuildConfiguration;
			buildSettings = {
				ASSETCATALOG_COMPILER_APPICON_NAME = AppIcon;
				ASSETCATALOG_COMPILER_GLOBAL_ACCENT_COLOR_NAME = AccentColor;
				INFOPLIST_FILE = MissionControlWatch/Info.plist;
				PRODUCT_BUNDLE_IDENTIFIER = com.focacci.MissionControl.watchkitapp;
				SDKROOT = watchos;
				SKIP_INSTALL = YES;
				TARGETED_DEVICE_FAMILY = 4;
				WATCHOS_DEPLOYMENT_TARGET = 10.0;
			};
			name = Debug;
		};
		F6FA3A7FD6D24EB27B2B2C0A /* Release */ = {
			isa = XCBuildConfiguration;
			buildSettings = {
				ASSETCATALOG_COMPILER_APPICON_NAME = AppIcon;
				ASSETCATALOG_COMPILER_GLOBAL_ACCENT_COLOR_NAME = AccentColor;
				CODE_SIGN_IDENTITY = "iPhone Developer";
				DEVELOPMENT_TEAM = 7R3SX9X3V2;
				INFOPLIST_FILE = MissionControl/Info.plist;
				IPHONEOS_DEPLOYMENT_TARGET = 17.0;
				LD_RUNPATH_SEARCH_PATHS = (
					"$(inherited)",
					"@executable_path/Frameworks",
				);
				PRODUCT_BUNDLE_IDENTIFIER = com.focacci.MissionControl;
				SDKROOT = iphoneos;
				TARGETED_DEVICE_FAMILY = "1,2";
			};
			name = Release;
		};
/* End XCBuildConfiguration section */

/* Begin XCConfigurationList section */
		A2D2E80B22FE78C6F3E1EC53 /* Build configuration list for PBXNativeTarget "MissionControlWatch Watch App" */ = {
			isa = XCConfigurationList;
			buildConfigurations = (
				BCCC8E1B19FF5D09D1D8355A /* Debug */,
				245B1274C4587CBE37564CDE /* Release */,
			);
			defaultConfigurationIsVisible = 0;
			defaultConfigurationName = Debug;
		};
		B4F6813337605AD03FB1AF40 /* Build configuration list for PBXNativeTarget "MissionControl" */ = {
			isa = XCConfigurationList;
			buildConfigurations = (
				1B40039A80F41135ACB16C0E /* Debug */,
				F6FA3A7FD6D24EB27B2B2C0A /* Release */,
			);
			defaultConfigurationIsVisible = 0;
			defaultConfigurationName = Debug;
		};
		E702C94A16BB968CFA62C192 /* Build configuration list for PBXProject "MissionControl" */ = {
			isa = XCConfigurationList;
			buildConfigurations = (
				A0C9CBDC3F5D2E021AA2C810 /* Debug */,
				1B5C4A6A1B7CE9EBE1B91095 /* Release */,
			);
			defaultConfigurationIsVisible = 0;
			defaultConfigurationName = Debug;
		};
/* End XCConfigurationList section */
	};
	rootObject = 208D6E4BAFD27F4031F64A88 /* Project object */;
}
